// !$*UTF8*$!
{
	archiveVersion = 1;
	classes = {
	};
	objectVersion = 45;
	objects = {

/* Begin PBXBuildFile section */
		1D3623260D0F684500981E51 /* RoadKillAppDelegate.m in Sources */ = {isa = PBXBuildFile; fileRef = 1D3623250D0F684500981E51 /* RoadKillAppDelegate.m */; };
		1D60589B0D05DD56006BFB54 /* main.m in Sources */ = {isa = PBXBuildFile; fileRef = 29B97316FDCFA39411CA2CEA /* main.m */; };
		1D60589F0D05DD5A006BFB54 /* Foundation.framework in Frameworks */ = {isa = PBXBuildFile; fileRef = 1D30AB110D05D00D00671497 /* Foundation.framework */; };
		1DF5F4E00D08C38300B7A737 /* UIKit.framework in Frameworks */ = {isa = PBXBuildFile; fileRef = 1DF5F4DF0D08C38300B7A737 /* UIKit.framework */; };
		28860BE50F44EE6400985440 /* CoreData.framework in Frameworks */ = {isa = PBXBuildFile; fileRef = 28860BE40F44EE6400985440 /* CoreData.framework */; };
		2892E4100DC94CBA00A64D0F /* CoreGraphics.framework in Frameworks */ = {isa = PBXBuildFile; fileRef = 2892E40F0DC94CBA00A64D0F /* CoreGraphics.framework */; };
		2899E5600DE3E45000AC0155 /* RootViewController.xib in Resources */ = {isa = PBXBuildFile; fileRef = 2899E55F0DE3E45000AC0155 /* RootViewController.xib */; };
		28AD73600D9D9599002E5188 /* MainWindow.xib in Resources */ = {isa = PBXBuildFile; fileRef = 28AD735F0D9D9599002E5188 /* MainWindow.xib */; };
		28C286E10D94DF7D0034E888 /* HalsRootViewController.m in Sources */ = {isa = PBXBuildFile; fileRef = 28C286E00D94DF7D0034E888 /* HalsRootViewController.m */; };
		28D3F202112F7DC200FD0661 /* RoadKill.xcdatamodeld in Sources */ = {isa = PBXBuildFile; fileRef = 28D3F201112F7DC200FD0661 /* RoadKill.xcdatamodeld */; };
		2B088C9C12711E8300ECC691 /* Reachability.m in Sources */ = {isa = PBXBuildFile; fileRef = 2B088C9B12711E8300ECC691 /* Reachability.m */; };
		2B088C9D12711E8300ECC691 /* Reachability.m in Sources */ = {isa = PBXBuildFile; fileRef = 2B088C9B12711E8300ECC691 /* Reachability.m */; };
		2B088CF212711EBB00ECC691 /* ASIAuthenticationDialog.m in Sources */ = {isa = PBXBuildFile; fileRef = 2B088CB412711EBB00ECC691 /* ASIAuthenticationDialog.m */; };
		2B088CF312711EBB00ECC691 /* ASIInputStream.m in Sources */ = {isa = PBXBuildFile; fileRef = 2B088CB612711EBB00ECC691 /* ASIInputStream.m */; };
		2B088CF412711EBB00ECC691 /* ASIFormDataRequest.m in Sources */ = {isa = PBXBuildFile; fileRef = 2B088CB812711EBB00ECC691 /* ASIFormDataRequest.m */; };
		2B088CF512711EBB00ECC691 /* ASIHTTPRequest.m in Sources */ = {isa = PBXBuildFile; fileRef = 2B088CBA12711EBB00ECC691 /* ASIHTTPRequest.m */; };
		2B088CF612711EBB00ECC691 /* ASINetworkQueue.m in Sources */ = {isa = PBXBuildFile; fileRef = 2B088CBC12711EBB00ECC691 /* ASINetworkQueue.m */; };
		2B088CF712711EBB00ECC691 /* ASIDownloadCache.m in Sources */ = {isa = PBXBuildFile; fileRef = 2B088CBE12711EBB00ECC691 /* ASIDownloadCache.m */; };
		2B088D1012711EBB00ECC691 /* ASIAuthenticationDialog.m in Sources */ = {isa = PBXBuildFile; fileRef = 2B088CB412711EBB00ECC691 /* ASIAuthenticationDialog.m */; };
		2B088D1112711EBB00ECC691 /* ASIInputStream.m in Sources */ = {isa = PBXBuildFile; fileRef = 2B088CB612711EBB00ECC691 /* ASIInputStream.m */; };
		2B088D1212711EBB00ECC691 /* ASIFormDataRequest.m in Sources */ = {isa = PBXBuildFile; fileRef = 2B088CB812711EBB00ECC691 /* ASIFormDataRequest.m */; };
		2B088D1312711EBB00ECC691 /* ASIHTTPRequest.m in Sources */ = {isa = PBXBuildFile; fileRef = 2B088CBA12711EBB00ECC691 /* ASIHTTPRequest.m */; };
		2B088D1412711EBB00ECC691 /* ASINetworkQueue.m in Sources */ = {isa = PBXBuildFile; fileRef = 2B088CBC12711EBB00ECC691 /* ASINetworkQueue.m */; };
		2B088D1512711EBB00ECC691 /* ASIDownloadCache.m in Sources */ = {isa = PBXBuildFile; fileRef = 2B088CBE12711EBB00ECC691 /* ASIDownloadCache.m */; };
		2B088D3F12711FF800ECC691 /* CFNetwork.framework in Frameworks */ = {isa = PBXBuildFile; fileRef = 2B088D3E12711FF800ECC691 /* CFNetwork.framework */; };
		2B088D431271200400ECC691 /* SystemConfiguration.framework in Frameworks */ = {isa = PBXBuildFile; fileRef = 2B088D421271200400ECC691 /* SystemConfiguration.framework */; };
		2B088D471271200B00ECC691 /* MobileCoreServices.framework in Frameworks */ = {isa = PBXBuildFile; fileRef = 2B088D461271200B00ECC691 /* MobileCoreServices.framework */; };
		2B088D4B1271202200ECC691 /* libz.1.2.3.dylib in Frameworks */ = {isa = PBXBuildFile; fileRef = 2B088D4A1271202200ECC691 /* libz.1.2.3.dylib */; };
		2B088E841271425B00ECC691 /* demoSkunk.jpg in Resources */ = {isa = PBXBuildFile; fileRef = 2B088E831271425B00ECC691 /* demoSkunk.jpg */; };
		2B0DD152126923470034E084 /* CoreData.framework in Frameworks */ = {isa = PBXBuildFile; fileRef = 28860BE40F44EE6400985440 /* CoreData.framework */; };
		2B244433125BE720005152E6 /* Icon.png in Resources */ = {isa = PBXBuildFile; fileRef = 2B244431125BE720005152E6 /* Icon.png */; };
		2B244434125BE720005152E6 /* Icon@2x.png in Resources */ = {isa = PBXBuildFile; fileRef = 2B244432125BE720005152E6 /* Icon@2x.png */; };
		2B64215D1277A867005BFC0C /* CSVParser.m in Sources */ = {isa = PBXBuildFile; fileRef = 2B64215C1277A867005BFC0C /* CSVParser.m */; };
		2B6472A3125A910300ED5161 /* Xcode324iOS41TestSuiteWorkaround.m in Sources */ = {isa = PBXBuildFile; fileRef = 2B6472A2125A910300ED5161 /* Xcode324iOS41TestSuiteWorkaround.m */; };
		2B7365B61269255500E3CE18 /* DataModelTestCase.m in Sources */ = {isa = PBXBuildFile; fileRef = 2B0DD117126920250034E084 /* DataModelTestCase.m */; };
		2B7365D91269266E00E3CE18 /* State.m in Sources */ = {isa = PBXBuildFile; fileRef = 2B7365D61269266E00E3CE18 /* State.m */; };
		2B7365DA1269266E00E3CE18 /* User.m in Sources */ = {isa = PBXBuildFile; fileRef = 2B7365D81269266E00E3CE18 /* User.m */; };
		2B73660D126928CC00E3CE18 /* State.m in Sources */ = {isa = PBXBuildFile; fileRef = 2B7365D61269266E00E3CE18 /* State.m */; };
		2B73660E126928D000E3CE18 /* User.m in Sources */ = {isa = PBXBuildFile; fileRef = 2B7365D81269266E00E3CE18 /* User.m */; };
		2B73661612692A5E00E3CE18 /* RoadKill.xcdatamodel in Sources */ = {isa = PBXBuildFile; fileRef = 28860B760F44E54D00985440 /* RoadKill.xcdatamodel */; };
		2B73677D126F6E0700E3CE18 /* Species.m in Sources */ = {isa = PBXBuildFile; fileRef = 8D8FE370126BFA4700336686 /* Species.m */; };
		2B73677E126F6E0800E3CE18 /* SpeciesCategory.m in Sources */ = {isa = PBXBuildFile; fileRef = 8D8FE4BD126D1A4600336686 /* SpeciesCategory.m */; };
		2B73682B126F837D00E3CE18 /* WebAPITestCase.m in Sources */ = {isa = PBXBuildFile; fileRef = 2B647238125A8BDD00ED5161 /* WebAPITestCase.m */; };
		2B790BA2125AA00F00EB101D /* RKCROSSession.m in Sources */ = {isa = PBXBuildFile; fileRef = 2B790BA1125AA00F00EB101D /* RKCROSSession.m */; };
		2B790BA3125AA06B00EB101D /* RKCROSSession.m in Sources */ = {isa = PBXBuildFile; fileRef = 2B790BA1125AA00F00EB101D /* RKCROSSession.m */; };
		2B9327BD126568FE00BADFA7 /* Observation.m in Sources */ = {isa = PBXBuildFile; fileRef = 2B9327BC126568FE00BADFA7 /* Observation.m */; };
		2B9327BE126568FE00BADFA7 /* Observation.m in Sources */ = {isa = PBXBuildFile; fileRef = 2B9327BC126568FE00BADFA7 /* Observation.m */; };
		2BA80DDF12720FB20071E8A3 /* CFNetwork.framework in Frameworks */ = {isa = PBXBuildFile; fileRef = 2B088D3E12711FF800ECC691 /* CFNetwork.framework */; };
		2BA80DE012720FB70071E8A3 /* libz.1.2.3.dylib in Frameworks */ = {isa = PBXBuildFile; fileRef = 2B088D4A1271202200ECC691 /* libz.1.2.3.dylib */; };
		2BA80DE112720FBA0071E8A3 /* MobileCoreServices.framework in Frameworks */ = {isa = PBXBuildFile; fileRef = 2B088D461271200B00ECC691 /* MobileCoreServices.framework */; };
		2BA80DE212720FBB0071E8A3 /* SystemConfiguration.framework in Frameworks */ = {isa = PBXBuildFile; fileRef = 2B088D421271200400ECC691 /* SystemConfiguration.framework */; };
		2BA80DE512720FC90071E8A3 /* CoreGraphics.framework in Frameworks */ = {isa = PBXBuildFile; fileRef = 2892E40F0DC94CBA00A64D0F /* CoreGraphics.framework */; };
		88BC05F4128A4D2D0021FDEB /* CameraViewController.m in Sources */ = {isa = PBXBuildFile; fileRef = 88BC05F2128A4D2D0021FDEB /* CameraViewController.m */; };
		8D88BBA6127CDDE1002A7029 /* SpeciesCategorySelectionVC.m in Sources */ = {isa = PBXBuildFile; fileRef = 8D88BBA5127CDDE1002A7029 /* SpeciesCategorySelectionVC.m */; };
		8D88C14F127E2BB2002A7029 /* SpeciesSelectionVC.m in Sources */ = {isa = PBXBuildFile; fileRef = 8D88C14E127E2BB2002A7029 /* SpeciesSelectionVC.m */; };
		8D88C682127F42BA002A7029 /* RootViewController.m in Sources */ = {isa = PBXBuildFile; fileRef = 8D88C681127F42BA002A7029 /* RootViewController.m */; };
		8D88C7B7127F5D8B002A7029 /* ExistingReportsVC.m in Sources */ = {isa = PBXBuildFile; fileRef = 8D88C7B6127F5D8B002A7029 /* ExistingReportsVC.m */; };
		8D8FE372126BFA4700336686 /* Species.m in Sources */ = {isa = PBXBuildFile; fileRef = 8D8FE370126BFA4700336686 /* Species.m */; };
		8D8FE4BE126D1A4600336686 /* SpeciesCategory.m in Sources */ = {isa = PBXBuildFile; fileRef = 8D8FE4BD126D1A4600336686 /* SpeciesCategory.m */; };
		8DFEE4B0128A422300AEADFD /* Photo.m in Sources */ = {isa = PBXBuildFile; fileRef = 8DFEE4AF128A422300AEADFD /* Photo.m */; };
		8DFEE4C5128A44C500AEADFD /* UIImageToDataTransformer.m in Sources */ = {isa = PBXBuildFile; fileRef = 8DFEE4C4128A44C500AEADFD /* UIImageToDataTransformer.m */; };
		8DFEEA75128CFE0800AEADFD /* SpeciesSelectionVC.xib in Resources */ = {isa = PBXBuildFile; fileRef = 8DFEEA74128CFE0800AEADFD /* SpeciesSelectionVC.xib */; };
		8DFEEAFE128D0F4000AEADFD /* SpeciesWriteInVC.m in Sources */ = {isa = PBXBuildFile; fileRef = 8DFEEAFD128D0F4000AEADFD /* SpeciesWriteInVC.m */; };
		8DFEEB0E128D159900AEADFD /* EditableTableViewCell.m in Sources */ = {isa = PBXBuildFile; fileRef = 8DFEEB0B128D159900AEADFD /* EditableTableViewCell.m */; };
		8DFEEB0F128D159900AEADFD /* EditableTableViewCell.xib in Resources */ = {isa = PBXBuildFile; fileRef = 8DFEEB0C128D159900AEADFD /* EditableTableViewCell.xib */; };
		8DFEEB51128D1A0700AEADFD /* PreviewViewController.m in Sources */ = {isa = PBXBuildFile; fileRef = 8DFEEB4F128D1A0700AEADFD /* PreviewViewController.m */; };
		8DFEEB52128D1A0700AEADFD /* PreviewViewController.xib in Resources */ = {isa = PBXBuildFile; fileRef = 8DFEEB50128D1A0700AEADFD /* PreviewViewController.xib */; };
		8DFEF81F12906C2C00AEADFD /* GenericContact.png in Resources */ = {isa = PBXBuildFile; fileRef = 8DFEF81E12906C2C00AEADFD /* GenericContact.png */; };
/* End PBXBuildFile section */

/* Begin PBXFileReference section */
		1D30AB110D05D00D00671497 /* Foundation.framework */ = {isa = PBXFileReference; lastKnownFileType = wrapper.framework; name = Foundation.framework; path = System/Library/Frameworks/Foundation.framework; sourceTree = SDKROOT; };
		1D3623240D0F684500981E51 /* RoadKillAppDelegate.h */ = {isa = PBXFileReference; fileEncoding = 4; lastKnownFileType = sourcecode.c.h; path = RoadKillAppDelegate.h; sourceTree = "<group>"; };
		1D3623250D0F684500981E51 /* RoadKillAppDelegate.m */ = {isa = PBXFileReference; fileEncoding = 4; lastKnownFileType = sourcecode.c.objc; path = RoadKillAppDelegate.m; sourceTree = "<group>"; };
		1D6058910D05DD3D006BFB54 /* RoadKill.app */ = {isa = PBXFileReference; explicitFileType = wrapper.application; includeInIndex = 0; path = RoadKill.app; sourceTree = BUILT_PRODUCTS_DIR; };
		1DF5F4DF0D08C38300B7A737 /* UIKit.framework */ = {isa = PBXFileReference; lastKnownFileType = wrapper.framework; name = UIKit.framework; path = System/Library/Frameworks/UIKit.framework; sourceTree = SDKROOT; };
		28860B760F44E54D00985440 /* RoadKill.xcdatamodel */ = {isa = PBXFileReference; fileEncoding = 4; lastKnownFileType = wrapper.xcdatamodel; path = RoadKill.xcdatamodel; sourceTree = "<group>"; };
		28860BE40F44EE6400985440 /* CoreData.framework */ = {isa = PBXFileReference; lastKnownFileType = wrapper.framework; name = CoreData.framework; path = System/Library/Frameworks/CoreData.framework; sourceTree = SDKROOT; };
		2892E40F0DC94CBA00A64D0F /* CoreGraphics.framework */ = {isa = PBXFileReference; lastKnownFileType = wrapper.framework; name = CoreGraphics.framework; path = System/Library/Frameworks/CoreGraphics.framework; sourceTree = SDKROOT; };
		2899E55F0DE3E45000AC0155 /* RootViewController.xib */ = {isa = PBXFileReference; lastKnownFileType = file.xib; path = RootViewController.xib; sourceTree = "<group>"; };
		28A0AAE50D9B0CCF005BE974 /* RoadKill_Prefix.pch */ = {isa = PBXFileReference; fileEncoding = 4; lastKnownFileType = sourcecode.c.h; path = RoadKill_Prefix.pch; sourceTree = "<group>"; };
		28AD735F0D9D9599002E5188 /* MainWindow.xib */ = {isa = PBXFileReference; lastKnownFileType = file.xib; path = MainWindow.xib; sourceTree = "<group>"; };
		28C286DF0D94DF7D0034E888 /* HalsRootViewController.h */ = {isa = PBXFileReference; fileEncoding = 4; lastKnownFileType = sourcecode.c.h; path = HalsRootViewController.h; sourceTree = "<group>"; };
		28C286E00D94DF7D0034E888 /* HalsRootViewController.m */ = {isa = PBXFileReference; fileEncoding = 4; lastKnownFileType = sourcecode.c.objc; path = HalsRootViewController.m; sourceTree = "<group>"; };
		29B97316FDCFA39411CA2CEA /* main.m */ = {isa = PBXFileReference; fileEncoding = 4; lastKnownFileType = sourcecode.c.objc; path = main.m; sourceTree = "<group>"; };
		2B088C9A12711E8300ECC691 /* Reachability.h */ = {isa = PBXFileReference; fileEncoding = 4; lastKnownFileType = sourcecode.c.h; path = Reachability.h; sourceTree = "<group>"; };
		2B088C9B12711E8300ECC691 /* Reachability.m */ = {isa = PBXFileReference; fileEncoding = 4; lastKnownFileType = sourcecode.c.objc; path = Reachability.m; sourceTree = "<group>"; };
		2B088CAF12711EBB00ECC691 /* ASIHTTPRequestConfig.h */ = {isa = PBXFileReference; fileEncoding = 4; lastKnownFileType = sourcecode.c.h; path = ASIHTTPRequestConfig.h; sourceTree = "<group>"; };
		2B088CB012711EBB00ECC691 /* ASICacheDelegate.h */ = {isa = PBXFileReference; fileEncoding = 4; lastKnownFileType = sourcecode.c.h; path = ASICacheDelegate.h; sourceTree = "<group>"; };
		2B088CB112711EBB00ECC691 /* ASIHTTPRequestDelegate.h */ = {isa = PBXFileReference; fileEncoding = 4; lastKnownFileType = sourcecode.c.h; path = ASIHTTPRequestDelegate.h; sourceTree = "<group>"; };
		2B088CB212711EBB00ECC691 /* ASIProgressDelegate.h */ = {isa = PBXFileReference; fileEncoding = 4; lastKnownFileType = sourcecode.c.h; path = ASIProgressDelegate.h; sourceTree = "<group>"; };
		2B088CB312711EBB00ECC691 /* ASIAuthenticationDialog.h */ = {isa = PBXFileReference; fileEncoding = 4; lastKnownFileType = sourcecode.c.h; path = ASIAuthenticationDialog.h; sourceTree = "<group>"; };
		2B088CB412711EBB00ECC691 /* ASIAuthenticationDialog.m */ = {isa = PBXFileReference; fileEncoding = 4; lastKnownFileType = sourcecode.c.objc; path = ASIAuthenticationDialog.m; sourceTree = "<group>"; };
		2B088CB512711EBB00ECC691 /* ASIInputStream.h */ = {isa = PBXFileReference; fileEncoding = 4; lastKnownFileType = sourcecode.c.h; path = ASIInputStream.h; sourceTree = "<group>"; };
		2B088CB612711EBB00ECC691 /* ASIInputStream.m */ = {isa = PBXFileReference; fileEncoding = 4; lastKnownFileType = sourcecode.c.objc; path = ASIInputStream.m; sourceTree = "<group>"; };
		2B088CB712711EBB00ECC691 /* ASIFormDataRequest.h */ = {isa = PBXFileReference; fileEncoding = 4; lastKnownFileType = sourcecode.c.h; path = ASIFormDataRequest.h; sourceTree = "<group>"; };
		2B088CB812711EBB00ECC691 /* ASIFormDataRequest.m */ = {isa = PBXFileReference; fileEncoding = 4; lastKnownFileType = sourcecode.c.objc; path = ASIFormDataRequest.m; sourceTree = "<group>"; };
		2B088CB912711EBB00ECC691 /* ASIHTTPRequest.h */ = {isa = PBXFileReference; fileEncoding = 4; lastKnownFileType = sourcecode.c.h; path = ASIHTTPRequest.h; sourceTree = "<group>"; };
		2B088CBA12711EBB00ECC691 /* ASIHTTPRequest.m */ = {isa = PBXFileReference; fileEncoding = 4; lastKnownFileType = sourcecode.c.objc; path = ASIHTTPRequest.m; sourceTree = "<group>"; };
		2B088CBB12711EBB00ECC691 /* ASINetworkQueue.h */ = {isa = PBXFileReference; fileEncoding = 4; lastKnownFileType = sourcecode.c.h; path = ASINetworkQueue.h; sourceTree = "<group>"; };
		2B088CBC12711EBB00ECC691 /* ASINetworkQueue.m */ = {isa = PBXFileReference; fileEncoding = 4; lastKnownFileType = sourcecode.c.objc; path = ASINetworkQueue.m; sourceTree = "<group>"; };
		2B088CBD12711EBB00ECC691 /* ASIDownloadCache.h */ = {isa = PBXFileReference; fileEncoding = 4; lastKnownFileType = sourcecode.c.h; path = ASIDownloadCache.h; sourceTree = "<group>"; };
		2B088CBE12711EBB00ECC691 /* ASIDownloadCache.m */ = {isa = PBXFileReference; fileEncoding = 4; lastKnownFileType = sourcecode.c.objc; path = ASIDownloadCache.m; sourceTree = "<group>"; };
		2B088D3E12711FF800ECC691 /* CFNetwork.framework */ = {isa = PBXFileReference; lastKnownFileType = wrapper.framework; name = CFNetwork.framework; path = System/Library/Frameworks/CFNetwork.framework; sourceTree = SDKROOT; };
		2B088D421271200400ECC691 /* SystemConfiguration.framework */ = {isa = PBXFileReference; lastKnownFileType = wrapper.framework; name = SystemConfiguration.framework; path = System/Library/Frameworks/SystemConfiguration.framework; sourceTree = SDKROOT; };
		2B088D461271200B00ECC691 /* MobileCoreServices.framework */ = {isa = PBXFileReference; lastKnownFileType = wrapper.framework; name = MobileCoreServices.framework; path = System/Library/Frameworks/MobileCoreServices.framework; sourceTree = SDKROOT; };
		2B088D4A1271202200ECC691 /* libz.1.2.3.dylib */ = {isa = PBXFileReference; lastKnownFileType = "compiled.mach-o.dylib"; name = libz.1.2.3.dylib; path = usr/lib/libz.1.2.3.dylib; sourceTree = SDKROOT; };
		2B088E831271425B00ECC691 /* demoSkunk.jpg */ = {isa = PBXFileReference; lastKnownFileType = image.jpeg; name = demoSkunk.jpg; path = Graphics/demoSkunk.jpg; sourceTree = "<group>"; };
		2B0DD116126920250034E084 /* DataModelTestCase.h */ = {isa = PBXFileReference; fileEncoding = 4; lastKnownFileType = sourcecode.c.h; path = DataModelTestCase.h; sourceTree = "<group>"; };
		2B0DD117126920250034E084 /* DataModelTestCase.m */ = {isa = PBXFileReference; fileEncoding = 4; lastKnownFileType = sourcecode.c.objc; path = DataModelTestCase.m; sourceTree = "<group>"; };
		2B244431125BE720005152E6 /* Icon.png */ = {isa = PBXFileReference; lastKnownFileType = image.png; name = Icon.png; path = Graphics/Icon.png; sourceTree = "<group>"; };
		2B244432125BE720005152E6 /* Icon@2x.png */ = {isa = PBXFileReference; lastKnownFileType = image.png; name = "Icon@2x.png"; path = "Graphics/Icon@2x.png"; sourceTree = "<group>"; };
		2B64215B1277A867005BFC0C /* CSVParser.h */ = {isa = PBXFileReference; fileEncoding = 4; lastKnownFileType = sourcecode.c.h; name = CSVParser.h; path = CSVParser/CSVParser.h; sourceTree = "<group>"; };
		2B64215C1277A867005BFC0C /* CSVParser.m */ = {isa = PBXFileReference; fileEncoding = 4; lastKnownFileType = sourcecode.c.objc; name = CSVParser.m; path = CSVParser/CSVParser.m; sourceTree = "<group>"; };
		2B64721C125A8ADA00ED5161 /* Unit Tests.octest */ = {isa = PBXFileReference; explicitFileType = wrapper.cfbundle; includeInIndex = 0; path = "Unit Tests.octest"; sourceTree = BUILT_PRODUCTS_DIR; };
		2B647237125A8BDD00ED5161 /* WebAPITestCase.h */ = {isa = PBXFileReference; fileEncoding = 4; lastKnownFileType = sourcecode.c.h; name = WebAPITestCase.h; path = "Unit Tests/WebAPITestCase.h"; sourceTree = "<group>"; };
		2B647238125A8BDD00ED5161 /* WebAPITestCase.m */ = {isa = PBXFileReference; fileEncoding = 4; lastKnownFileType = sourcecode.c.objc; name = WebAPITestCase.m; path = "Unit Tests/WebAPITestCase.m"; sourceTree = "<group>"; };
		2B647254125A8CD800ED5161 /* Unit Tests-Info.plist */ = {isa = PBXFileReference; fileEncoding = 4; lastKnownFileType = text.plist.xml; path = "Unit Tests-Info.plist"; sourceTree = "<group>"; };
		2B647284125A8E5100ED5161 /* RKConstants.h */ = {isa = PBXFileReference; fileEncoding = 4; lastKnownFileType = sourcecode.c.h; name = RKConstants.h; path = Classes/RKConstants.h; sourceTree = "<group>"; };
		2B6472A2125A910300ED5161 /* Xcode324iOS41TestSuiteWorkaround.m */ = {isa = PBXFileReference; fileEncoding = 4; lastKnownFileType = sourcecode.c.objc; path = Xcode324iOS41TestSuiteWorkaround.m; sourceTree = "<group>"; };
		2B7365D51269266E00E3CE18 /* State.h */ = {isa = PBXFileReference; fileEncoding = 4; lastKnownFileType = sourcecode.c.h; path = State.h; sourceTree = "<group>"; };
		2B7365D61269266E00E3CE18 /* State.m */ = {isa = PBXFileReference; fileEncoding = 4; lastKnownFileType = sourcecode.c.objc; path = State.m; sourceTree = "<group>"; };
		2B7365D71269266E00E3CE18 /* User.h */ = {isa = PBXFileReference; fileEncoding = 4; lastKnownFileType = sourcecode.c.h; path = User.h; sourceTree = "<group>"; };
		2B7365D81269266E00E3CE18 /* User.m */ = {isa = PBXFileReference; fileEncoding = 4; lastKnownFileType = sourcecode.c.objc; path = User.m; sourceTree = "<group>"; };
		2B790BA0125AA00F00EB101D /* RKCROSSession.h */ = {isa = PBXFileReference; fileEncoding = 4; lastKnownFileType = sourcecode.c.h; path = RKCROSSession.h; sourceTree = "<group>"; };
		2B790BA1125AA00F00EB101D /* RKCROSSession.m */ = {isa = PBXFileReference; fileEncoding = 4; lastKnownFileType = sourcecode.c.objc; path = RKCROSSession.m; sourceTree = "<group>"; };
		2B9327BB126568FE00BADFA7 /* Observation.h */ = {isa = PBXFileReference; fileEncoding = 4; lastKnownFileType = sourcecode.c.h; path = Observation.h; sourceTree = "<group>"; };
		2B9327BC126568FE00BADFA7 /* Observation.m */ = {isa = PBXFileReference; fileEncoding = 4; lastKnownFileType = sourcecode.c.objc; path = Observation.m; sourceTree = "<group>"; };
		88BC05F2128A4D2D0021FDEB /* CameraViewController.m */ = {isa = PBXFileReference; fileEncoding = 4; lastKnownFileType = sourcecode.c.objc; path = CameraViewController.m; sourceTree = "<group>"; };
		88BC05F3128A4D2D0021FDEB /* CameraViewController.h */ = {isa = PBXFileReference; fileEncoding = 4; lastKnownFileType = sourcecode.c.h; path = CameraViewController.h; sourceTree = "<group>"; };
		8D1107310486CEB800E47090 /* RoadKill-Info.plist */ = {isa = PBXFileReference; fileEncoding = 4; lastKnownFileType = text.plist.xml; path = "RoadKill-Info.plist"; plistStructureDefinitionIdentifier = "com.apple.xcode.plist.structure-definition.iphone.info-plist"; sourceTree = "<group>"; };
		8D88BBA4127CDDE1002A7029 /* SpeciesCategorySelectionVC.h */ = {isa = PBXFileReference; fileEncoding = 4; lastKnownFileType = sourcecode.c.h; path = SpeciesCategorySelectionVC.h; sourceTree = "<group>"; };
		8D88BBA5127CDDE1002A7029 /* SpeciesCategorySelectionVC.m */ = {isa = PBXFileReference; fileEncoding = 4; lastKnownFileType = sourcecode.c.objc; path = SpeciesCategorySelectionVC.m; sourceTree = "<group>"; };
		8D88C14D127E2BB2002A7029 /* SpeciesSelectionVC.h */ = {isa = PBXFileReference; fileEncoding = 4; lastKnownFileType = sourcecode.c.h; path = SpeciesSelectionVC.h; sourceTree = "<group>"; };
		8D88C14E127E2BB2002A7029 /* SpeciesSelectionVC.m */ = {isa = PBXFileReference; fileEncoding = 4; lastKnownFileType = sourcecode.c.objc; path = SpeciesSelectionVC.m; sourceTree = "<group>"; };
		8D88C680127F42BA002A7029 /* RootViewController.h */ = {isa = PBXFileReference; fileEncoding = 4; lastKnownFileType = sourcecode.c.h; path = RootViewController.h; sourceTree = "<group>"; };
		8D88C681127F42BA002A7029 /* RootViewController.m */ = {isa = PBXFileReference; fileEncoding = 4; lastKnownFileType = sourcecode.c.objc; path = RootViewController.m; sourceTree = "<group>"; };
		8D88C7B5127F5D8B002A7029 /* ExistingReportsVC.h */ = {isa = PBXFileReference; fileEncoding = 4; lastKnownFileType = sourcecode.c.h; path = ExistingReportsVC.h; sourceTree = "<group>"; };
		8D88C7B6127F5D8B002A7029 /* ExistingReportsVC.m */ = {isa = PBXFileReference; fileEncoding = 4; lastKnownFileType = sourcecode.c.objc; path = ExistingReportsVC.m; sourceTree = "<group>"; };
		8D8FE36F126BFA4700336686 /* Species.h */ = {isa = PBXFileReference; fileEncoding = 4; lastKnownFileType = sourcecode.c.h; path = Species.h; sourceTree = "<group>"; };
		8D8FE370126BFA4700336686 /* Species.m */ = {isa = PBXFileReference; fileEncoding = 4; lastKnownFileType = sourcecode.c.objc; path = Species.m; sourceTree = "<group>"; };
		8D8FE4BC126D1A4600336686 /* SpeciesCategory.h */ = {isa = PBXFileReference; fileEncoding = 4; lastKnownFileType = sourcecode.c.h; path = SpeciesCategory.h; sourceTree = "<group>"; };
		8D8FE4BD126D1A4600336686 /* SpeciesCategory.m */ = {isa = PBXFileReference; fileEncoding = 4; lastKnownFileType = sourcecode.c.objc; path = SpeciesCategory.m; sourceTree = "<group>"; };
		8DFEE4AE128A422300AEADFD /* Photo.h */ = {isa = PBXFileReference; fileEncoding = 4; lastKnownFileType = sourcecode.c.h; path = Photo.h; sourceTree = "<group>"; };
		8DFEE4AF128A422300AEADFD /* Photo.m */ = {isa = PBXFileReference; fileEncoding = 4; lastKnownFileType = sourcecode.c.objc; path = Photo.m; sourceTree = "<group>"; };
		8DFEE4C3128A44C500AEADFD /* UIImageToDataTransformer.h */ = {isa = PBXFileReference; fileEncoding = 4; lastKnownFileType = sourcecode.c.h; path = UIImageToDataTransformer.h; sourceTree = "<group>"; };
		8DFEE4C4128A44C500AEADFD /* UIImageToDataTransformer.m */ = {isa = PBXFileReference; fileEncoding = 4; lastKnownFileType = sourcecode.c.objc; path = UIImageToDataTransformer.m; sourceTree = "<group>"; };
		8DFEEA74128CFE0800AEADFD /* SpeciesSelectionVC.xib */ = {isa = PBXFileReference; lastKnownFileType = file.xib; path = SpeciesSelectionVC.xib; sourceTree = "<group>"; };
		8DFEEAFC128D0F4000AEADFD /* SpeciesWriteInVC.h */ = {isa = PBXFileReference; fileEncoding = 4; lastKnownFileType = sourcecode.c.h; path = SpeciesWriteInVC.h; sourceTree = "<group>"; };
		8DFEEAFD128D0F4000AEADFD /* SpeciesWriteInVC.m */ = {isa = PBXFileReference; fileEncoding = 4; lastKnownFileType = sourcecode.c.objc; path = SpeciesWriteInVC.m; sourceTree = "<group>"; };
		8DFEEB0A128D159900AEADFD /* EditableTableViewCell.h */ = {isa = PBXFileReference; fileEncoding = 4; lastKnownFileType = sourcecode.c.h; path = EditableTableViewCell.h; sourceTree = "<group>"; };
		8DFEEB0B128D159900AEADFD /* EditableTableViewCell.m */ = {isa = PBXFileReference; fileEncoding = 4; lastKnownFileType = sourcecode.c.objc; path = EditableTableViewCell.m; sourceTree = "<group>"; };
		8DFEEB0D128D159900AEADFD /* en */ = {isa = PBXFileReference; lastKnownFileType = file.xib; name = en; path = en.lproj/EditableTableViewCell.xib; sourceTree = "<group>"; };
		8DFEEB4E128D1A0700AEADFD /* PreviewViewController.h */ = {isa = PBXFileReference; fileEncoding = 4; lastKnownFileType = sourcecode.c.h; path = PreviewViewController.h; sourceTree = "<group>"; };
		8DFEEB4F128D1A0700AEADFD /* PreviewViewController.m */ = {isa = PBXFileReference; fileEncoding = 4; lastKnownFileType = sourcecode.c.objc; path = PreviewViewController.m; sourceTree = "<group>"; };
		8DFEEB50128D1A0700AEADFD /* PreviewViewController.xib */ = {isa = PBXFileReference; lastKnownFileType = file.xib; name = PreviewViewController.xib; path = Classes/PreviewViewController.xib; sourceTree = "<group>"; };
		8DFEF81E12906C2C00AEADFD /* GenericContact.png */ = {isa = PBXFileReference; lastKnownFileType = image.png; path = GenericContact.png; sourceTree = "<group>"; };
/* End PBXFileReference section */

/* Begin PBXFrameworksBuildPhase section */
		1D60588F0D05DD3D006BFB54 /* Frameworks */ = {
			isa = PBXFrameworksBuildPhase;
			buildActionMask = 2147483647;
			files = (
				1D60589F0D05DD5A006BFB54 /* Foundation.framework in Frameworks */,
				1DF5F4E00D08C38300B7A737 /* UIKit.framework in Frameworks */,
				2892E4100DC94CBA00A64D0F /* CoreGraphics.framework in Frameworks */,
				28860BE50F44EE6400985440 /* CoreData.framework in Frameworks */,
				2B088D3F12711FF800ECC691 /* CFNetwork.framework in Frameworks */,
				2B088D431271200400ECC691 /* SystemConfiguration.framework in Frameworks */,
				2B088D471271200B00ECC691 /* MobileCoreServices.framework in Frameworks */,
				2B088D4B1271202200ECC691 /* libz.1.2.3.dylib in Frameworks */,
			);
			runOnlyForDeploymentPostprocessing = 0;
		};
		2B647219125A8ADA00ED5161 /* Frameworks */ = {
			isa = PBXFrameworksBuildPhase;
			buildActionMask = 2147483647;
			files = (
				2B0DD152126923470034E084 /* CoreData.framework in Frameworks */,
				2BA80DDF12720FB20071E8A3 /* CFNetwork.framework in Frameworks */,
				2BA80DE012720FB70071E8A3 /* libz.1.2.3.dylib in Frameworks */,
				2BA80DE112720FBA0071E8A3 /* MobileCoreServices.framework in Frameworks */,
				2BA80DE212720FBB0071E8A3 /* SystemConfiguration.framework in Frameworks */,
				2BA80DE512720FC90071E8A3 /* CoreGraphics.framework in Frameworks */,
			);
			runOnlyForDeploymentPostprocessing = 0;
		};
/* End PBXFrameworksBuildPhase section */

/* Begin PBXGroup section */
		080E96DDFE201D6D7F000001 /* Classes */ = {
			isa = PBXGroup;
			children = (
				88BC05F2128A4D2D0021FDEB /* CameraViewController.m */,
				88BC05F3128A4D2D0021FDEB /* CameraViewController.h */,
				1D3623240D0F684500981E51 /* RoadKillAppDelegate.h */,
				1D3623250D0F684500981E51 /* RoadKillAppDelegate.m */,
				28C286DF0D94DF7D0034E888 /* HalsRootViewController.h */,
				28C286E00D94DF7D0034E888 /* HalsRootViewController.m */,
				8D88C680127F42BA002A7029 /* RootViewController.h */,
				8D88C681127F42BA002A7029 /* RootViewController.m */,
				8D88BBA4127CDDE1002A7029 /* SpeciesCategorySelectionVC.h */,
				8D88BBA5127CDDE1002A7029 /* SpeciesCategorySelectionVC.m */,
				8D88C14D127E2BB2002A7029 /* SpeciesSelectionVC.h */,
				8D88C14E127E2BB2002A7029 /* SpeciesSelectionVC.m */,
				8DFEEAFC128D0F4000AEADFD /* SpeciesWriteInVC.h */,
				8DFEEAFD128D0F4000AEADFD /* SpeciesWriteInVC.m */,
				8DFEEB0A128D159900AEADFD /* EditableTableViewCell.h */,
				8DFEEB0B128D159900AEADFD /* EditableTableViewCell.m */,
				8D88C7B5127F5D8B002A7029 /* ExistingReportsVC.h */,
				8D88C7B6127F5D8B002A7029 /* ExistingReportsVC.m */,
				8DFEEB4E128D1A0700AEADFD /* PreviewViewController.h */,
				8DFEEB4F128D1A0700AEADFD /* PreviewViewController.m */,
			);
			path = Classes;
			sourceTree = "<group>";
		};
		19C28FACFE9D520D11CA2CBB /* Products */ = {
			isa = PBXGroup;
			children = (
				1D6058910D05DD3D006BFB54 /* RoadKill.app */,
				2B64721C125A8ADA00ED5161 /* Unit Tests.octest */,
			);
			name = Products;
			sourceTree = "<group>";
		};
		29B97314FDCFA39411CA2CEA /* CustomTemplate */ = {
			isa = PBXGroup;
			children = (
				080E96DDFE201D6D7F000001 /* Classes */,
				2B9327E312656C8100BADFA7 /* Core Data */,
				2B647342125A9F9300ED5161 /* Web Transactions */,
				29B97315FDCFA39411CA2CEA /* Other Sources */,
				2B088C9912711E8300ECC691 /* Reachability */,
				2B088CAE12711EBB00ECC691 /* ASI HTTP */,
				2B6420F612779F50005BFC0C /* CSV Parser */,
				29B97317FDCFA39411CA2CEA /* Resources */,
				29B97323FDCFA39411CA2CEA /* Frameworks */,
				19C28FACFE9D520D11CA2CBB /* Products */,
				2B64722B125A8B6B00ED5161 /* Unit Tests */,
			);
			name = CustomTemplate;
			sourceTree = "<group>";
		};
		29B97315FDCFA39411CA2CEA /* Other Sources */ = {
			isa = PBXGroup;
			children = (
				2B647284125A8E5100ED5161 /* RKConstants.h */,
				28A0AAE50D9B0CCF005BE974 /* RoadKill_Prefix.pch */,
				29B97316FDCFA39411CA2CEA /* main.m */,
			);
			name = "Other Sources";
			sourceTree = "<group>";
		};
		29B97317FDCFA39411CA2CEA /* Resources */ = {
			isa = PBXGroup;
			children = (
				2899E55F0DE3E45000AC0155 /* RootViewController.xib */,
				28AD735F0D9D9599002E5188 /* MainWindow.xib */,
				8DFEEA74128CFE0800AEADFD /* SpeciesSelectionVC.xib */,
				8DFEEB0C128D159900AEADFD /* EditableTableViewCell.xib */,
				8DFEEB50128D1A0700AEADFD /* PreviewViewController.xib */,
				8D1107310486CEB800E47090 /* RoadKill-Info.plist */,
				2B088E831271425B00ECC691 /* demoSkunk.jpg */,
				8DFEF81E12906C2C00AEADFD /* GenericContact.png */,
				2B244431125BE720005152E6 /* Icon.png */,
				2B244432125BE720005152E6 /* Icon@2x.png */,
			);
			name = Resources;
			sourceTree = "<group>";
		};
		29B97323FDCFA39411CA2CEA /* Frameworks */ = {
			isa = PBXGroup;
			children = (
				2B088D3E12711FF800ECC691 /* CFNetwork.framework */,
				2B088D421271200400ECC691 /* SystemConfiguration.framework */,
				2B088D461271200B00ECC691 /* MobileCoreServices.framework */,
				2B088D4A1271202200ECC691 /* libz.1.2.3.dylib */,
				1DF5F4DF0D08C38300B7A737 /* UIKit.framework */,
				1D30AB110D05D00D00671497 /* Foundation.framework */,
				2892E40F0DC94CBA00A64D0F /* CoreGraphics.framework */,
				28860BE40F44EE6400985440 /* CoreData.framework */,
			);
			name = Frameworks;
			sourceTree = "<group>";
		};
		2B088C9912711E8300ECC691 /* Reachability */ = {
			isa = PBXGroup;
			children = (
				2B088C9A12711E8300ECC691 /* Reachability.h */,
				2B088C9B12711E8300ECC691 /* Reachability.m */,
			);
			path = Reachability;
			sourceTree = "<group>";
		};
		2B088CAE12711EBB00ECC691 /* ASI HTTP */ = {
			isa = PBXGroup;
			children = (
				2B088CAF12711EBB00ECC691 /* ASIHTTPRequestConfig.h */,
				2B088CB012711EBB00ECC691 /* ASICacheDelegate.h */,
				2B088CB112711EBB00ECC691 /* ASIHTTPRequestDelegate.h */,
				2B088CB212711EBB00ECC691 /* ASIProgressDelegate.h */,
				2B088CB312711EBB00ECC691 /* ASIAuthenticationDialog.h */,
				2B088CB412711EBB00ECC691 /* ASIAuthenticationDialog.m */,
				2B088CB512711EBB00ECC691 /* ASIInputStream.h */,
				2B088CB612711EBB00ECC691 /* ASIInputStream.m */,
				2B088CB712711EBB00ECC691 /* ASIFormDataRequest.h */,
				2B088CB812711EBB00ECC691 /* ASIFormDataRequest.m */,
				2B088CB912711EBB00ECC691 /* ASIHTTPRequest.h */,
				2B088CBA12711EBB00ECC691 /* ASIHTTPRequest.m */,
				2B088CBB12711EBB00ECC691 /* ASINetworkQueue.h */,
				2B088CBC12711EBB00ECC691 /* ASINetworkQueue.m */,
				2B088CBD12711EBB00ECC691 /* ASIDownloadCache.h */,
				2B088CBE12711EBB00ECC691 /* ASIDownloadCache.m */,
			);
			path = "ASI HTTP";
			sourceTree = "<group>";
		};
		2B6420F612779F50005BFC0C /* CSV Parser */ = {
			isa = PBXGroup;
			children = (
				2B64215B1277A867005BFC0C /* CSVParser.h */,
				2B64215C1277A867005BFC0C /* CSVParser.m */,
			);
			name = "CSV Parser";
			sourceTree = "<group>";
		};
		2B64722B125A8B6B00ED5161 /* Unit Tests */ = {
			isa = PBXGroup;
			children = (
				2B0DD116126920250034E084 /* DataModelTestCase.h */,
				2B0DD117126920250034E084 /* DataModelTestCase.m */,
				2B647237125A8BDD00ED5161 /* WebAPITestCase.h */,
				2B647238125A8BDD00ED5161 /* WebAPITestCase.m */,
				2B6472A2125A910300ED5161 /* Xcode324iOS41TestSuiteWorkaround.m */,
				2B647254125A8CD800ED5161 /* Unit Tests-Info.plist */,
			);
			name = "Unit Tests";
			sourceTree = "<group>";
		};
		2B647342125A9F9300ED5161 /* Web Transactions */ = {
			isa = PBXGroup;
			children = (
				2B790BA0125AA00F00EB101D /* RKCROSSession.h */,
				2B790BA1125AA00F00EB101D /* RKCROSSession.m */,
			);
			name = "Web Transactions";
			path = Classes;
			sourceTree = "<group>";
		};
		2B9327E312656C8100BADFA7 /* Core Data */ = {
			isa = PBXGroup;
			children = (
				8DFEE4AE128A422300AEADFD /* Photo.h */,
				8DFEE4AF128A422300AEADFD /* Photo.m */,
				2B9327BB126568FE00BADFA7 /* Observation.h */,
				2B9327BC126568FE00BADFA7 /* Observation.m */,
				2B7365D51269266E00E3CE18 /* State.h */,
				2B7365D61269266E00E3CE18 /* State.m */,
				2B7365D71269266E00E3CE18 /* User.h */,
				2B7365D81269266E00E3CE18 /* User.m */,
				8D8FE36F126BFA4700336686 /* Species.h */,
				8D8FE370126BFA4700336686 /* Species.m */,
				8D8FE4BC126D1A4600336686 /* SpeciesCategory.h */,
				8D8FE4BD126D1A4600336686 /* SpeciesCategory.m */,
				28D3F201112F7DC200FD0661 /* RoadKill.xcdatamodeld */,
				8DFEE4C3128A44C500AEADFD /* UIImageToDataTransformer.h */,
				8DFEE4C4128A44C500AEADFD /* UIImageToDataTransformer.m */,
			);
			name = "Core Data";
			path = Classes;
			sourceTree = "<group>";
		};
/* End PBXGroup section */

/* Begin PBXNativeTarget section */
		1D6058900D05DD3D006BFB54 /* RoadKill */ = {
			isa = PBXNativeTarget;
			buildConfigurationList = 1D6058960D05DD3E006BFB54 /* Build configuration list for PBXNativeTarget "RoadKill" */;
			buildPhases = (
				1D60588D0D05DD3D006BFB54 /* Resources */,
				1D60588E0D05DD3D006BFB54 /* Sources */,
				1D60588F0D05DD3D006BFB54 /* Frameworks */,
			);
			buildRules = (
			);
			dependencies = (
			);
			name = RoadKill;
			productName = RoadKill;
			productReference = 1D6058910D05DD3D006BFB54 /* RoadKill.app */;
			productType = "com.apple.product-type.application";
		};
		2B64721B125A8ADA00ED5161 /* Unit Tests */ = {
			isa = PBXNativeTarget;
			buildConfigurationList = 2B647227125A8ADB00ED5161 /* Build configuration list for PBXNativeTarget "Unit Tests" */;
			buildPhases = (
				2B647217125A8ADA00ED5161 /* Resources */,
				2B647218125A8ADA00ED5161 /* Sources */,
				2B647219125A8ADA00ED5161 /* Frameworks */,
				2B64721A125A8ADA00ED5161 /* ShellScript */,
			);
			buildRules = (
			);
			dependencies = (
			);
			name = "Unit Tests";
			productName = "Unit Tests";
			productReference = 2B64721C125A8ADA00ED5161 /* Unit Tests.octest */;
			productType = "com.apple.product-type.bundle";
		};
/* End PBXNativeTarget section */

/* Begin PBXProject section */
		29B97313FDCFA39411CA2CEA /* Project object */ = {
			isa = PBXProject;
			attributes = {
				ORGANIZATIONNAME = "Seattle RoadKill Team";
			};
			buildConfigurationList = C01FCF4E08A954540054247B /* Build configuration list for PBXProject "RoadKill" */;
			compatibilityVersion = "Xcode 3.1";
			developmentRegion = English;
			hasScannedForEncodings = 1;
			knownRegions = (
				English,
				Japanese,
				French,
				German,
				en,
			);
			mainGroup = 29B97314FDCFA39411CA2CEA /* CustomTemplate */;
			projectDirPath = "";
			projectRoot = "";
			targets = (
				1D6058900D05DD3D006BFB54 /* RoadKill */,
				2B64721B125A8ADA00ED5161 /* Unit Tests */,
			);
		};
/* End PBXProject section */

/* Begin PBXResourcesBuildPhase section */
		1D60588D0D05DD3D006BFB54 /* Resources */ = {
			isa = PBXResourcesBuildPhase;
			buildActionMask = 2147483647;
			files = (
				28AD73600D9D9599002E5188 /* MainWindow.xib in Resources */,
				2899E5600DE3E45000AC0155 /* RootViewController.xib in Resources */,
				2B244433125BE720005152E6 /* Icon.png in Resources */,
				2B244434125BE720005152E6 /* Icon@2x.png in Resources */,
				2B088E841271425B00ECC691 /* demoSkunk.jpg in Resources */,
				8DFEEA75128CFE0800AEADFD /* SpeciesSelectionVC.xib in Resources */,
				8DFEEB0F128D159900AEADFD /* EditableTableViewCell.xib in Resources */,
				8DFEEB52128D1A0700AEADFD /* PreviewViewController.xib in Resources */,
				8DFEF81F12906C2C00AEADFD /* GenericContact.png in Resources */,
			);
			runOnlyForDeploymentPostprocessing = 0;
		};
		2B647217125A8ADA00ED5161 /* Resources */ = {
			isa = PBXResourcesBuildPhase;
			buildActionMask = 2147483647;
			files = (
			);
			runOnlyForDeploymentPostprocessing = 0;
		};
/* End PBXResourcesBuildPhase section */

/* Begin PBXShellScriptBuildPhase section */
		2B64721A125A8ADA00ED5161 /* ShellScript */ = {
			isa = PBXShellScriptBuildPhase;
			buildActionMask = 2147483647;
			files = (
			);
			inputPaths = (
			);
			outputPaths = (
			);
			runOnlyForDeploymentPostprocessing = 0;
			shellPath = /bin/sh;
			shellScript = "# Run the unit tests in this test bundle.\n\"${SYSTEM_DEVELOPER_DIR}/Tools/RunUnitTests\"\n";
		};
/* End PBXShellScriptBuildPhase section */

/* Begin PBXSourcesBuildPhase section */
		1D60588E0D05DD3D006BFB54 /* Sources */ = {
			isa = PBXSourcesBuildPhase;
			buildActionMask = 2147483647;
			files = (
				1D60589B0D05DD56006BFB54 /* main.m in Sources */,
				1D3623260D0F684500981E51 /* RoadKillAppDelegate.m in Sources */,
				28C286E10D94DF7D0034E888 /* HalsRootViewController.m in Sources */,
				28D3F202112F7DC200FD0661 /* RoadKill.xcdatamodeld in Sources */,
				2B790BA3125AA06B00EB101D /* RKCROSSession.m in Sources */,
				2B9327BE126568FE00BADFA7 /* Observation.m in Sources */,
				2B7365D91269266E00E3CE18 /* State.m in Sources */,
				2B7365DA1269266E00E3CE18 /* User.m in Sources */,
				8D8FE372126BFA4700336686 /* Species.m in Sources */,
				8D8FE4BE126D1A4600336686 /* SpeciesCategory.m in Sources */,
				2B088C9C12711E8300ECC691 /* Reachability.m in Sources */,
				2B088CF212711EBB00ECC691 /* ASIAuthenticationDialog.m in Sources */,
				2B088CF312711EBB00ECC691 /* ASIInputStream.m in Sources */,
				2B088CF412711EBB00ECC691 /* ASIFormDataRequest.m in Sources */,
				2B088CF512711EBB00ECC691 /* ASIHTTPRequest.m in Sources */,
				2B088CF612711EBB00ECC691 /* ASINetworkQueue.m in Sources */,
				2B088CF712711EBB00ECC691 /* ASIDownloadCache.m in Sources */,
				2B64215D1277A867005BFC0C /* CSVParser.m in Sources */,
				8D88BBA6127CDDE1002A7029 /* SpeciesCategorySelectionVC.m in Sources */,
				8D88C14F127E2BB2002A7029 /* SpeciesSelectionVC.m in Sources */,
				8D88C682127F42BA002A7029 /* RootViewController.m in Sources */,
				8D88C7B7127F5D8B002A7029 /* ExistingReportsVC.m in Sources */,
				8DFEE4B0128A422300AEADFD /* Photo.m in Sources */,
				8DFEE4C5128A44C500AEADFD /* UIImageToDataTransformer.m in Sources */,
				88BC05F4128A4D2D0021FDEB /* CameraViewController.m in Sources */,
				8DFEEAFE128D0F4000AEADFD /* SpeciesWriteInVC.m in Sources */,
				8DFEEB0E128D159900AEADFD /* EditableTableViewCell.m in Sources */,
				8DFEEB51128D1A0700AEADFD /* PreviewViewController.m in Sources */,
			);
			runOnlyForDeploymentPostprocessing = 0;
		};
		2B647218125A8ADA00ED5161 /* Sources */ = {
			isa = PBXSourcesBuildPhase;
			buildActionMask = 2147483647;
			files = (
				2B6472A3125A910300ED5161 /* Xcode324iOS41TestSuiteWorkaround.m in Sources */,
				2B790BA2125AA00F00EB101D /* RKCROSSession.m in Sources */,
				2B9327BD126568FE00BADFA7 /* Observation.m in Sources */,
				2B7365B61269255500E3CE18 /* DataModelTestCase.m in Sources */,
				2B73660D126928CC00E3CE18 /* State.m in Sources */,
				2B73660E126928D000E3CE18 /* User.m in Sources */,
				2B73661612692A5E00E3CE18 /* RoadKill.xcdatamodel in Sources */,
				2B73677D126F6E0700E3CE18 /* Species.m in Sources */,
				2B73677E126F6E0800E3CE18 /* SpeciesCategory.m in Sources */,
				2B73682B126F837D00E3CE18 /* WebAPITestCase.m in Sources */,
				2B088C9D12711E8300ECC691 /* Reachability.m in Sources */,
				2B088D1012711EBB00ECC691 /* ASIAuthenticationDialog.m in Sources */,
				2B088D1112711EBB00ECC691 /* ASIInputStream.m in Sources */,
				2B088D1212711EBB00ECC691 /* ASIFormDataRequest.m in Sources */,
				2B088D1312711EBB00ECC691 /* ASIHTTPRequest.m in Sources */,
				2B088D1412711EBB00ECC691 /* ASINetworkQueue.m in Sources */,
				2B088D1512711EBB00ECC691 /* ASIDownloadCache.m in Sources */,
			);
			runOnlyForDeploymentPostprocessing = 0;
		};
/* End PBXSourcesBuildPhase section */

/* Begin PBXVariantGroup section */
		8DFEEB0C128D159900AEADFD /* EditableTableViewCell.xib */ = {
			isa = PBXVariantGroup;
			children = (
				8DFEEB0D128D159900AEADFD /* en */,
			);
			name = EditableTableViewCell.xib;
			path = Classes;
			sourceTree = "<group>";
		};
/* End PBXVariantGroup section */

/* Begin XCBuildConfiguration section */
		1D6058940D05DD3E006BFB54 /* Debug */ = {
			isa = XCBuildConfiguration;
			buildSettings = {
				ALWAYS_SEARCH_USER_PATHS = NO;
				COPY_PHASE_STRIP = NO;
				GCC_DYNAMIC_NO_PIC = NO;
				GCC_OPTIMIZATION_LEVEL = 0;
				GCC_PRECOMPILE_PREFIX_HEADER = YES;
				GCC_PREFIX_HEADER = RoadKill_Prefix.pch;
				INFOPLIST_FILE = "RoadKill-Info.plist";
				PRODUCT_NAME = RoadKill;
			};
			name = Debug;
		};
		1D6058950D05DD3E006BFB54 /* Release */ = {
			isa = XCBuildConfiguration;
			buildSettings = {
				ALWAYS_SEARCH_USER_PATHS = NO;
				COPY_PHASE_STRIP = YES;
				GCC_PRECOMPILE_PREFIX_HEADER = YES;
				GCC_PREFIX_HEADER = RoadKill_Prefix.pch;
				INFOPLIST_FILE = "RoadKill-Info.plist";
				PRODUCT_NAME = RoadKill;
				VALIDATE_PRODUCT = YES;
			};
			name = Release;
		};
		2B647225125A8ADB00ED5161 /* Debug */ = {
			isa = XCBuildConfiguration;
			buildSettings = {
				ALWAYS_SEARCH_USER_PATHS = NO;
				"CODE_SIGN_IDENTITY[sdk=iphoneos*]" = "";
				COPY_PHASE_STRIP = NO;
				FRAMEWORK_SEARCH_PATHS = (
					"\"$(SDKROOT)/Developer/Library/Frameworks\"",
					"\"$(DEVELOPER_LIBRARY_DIR)/Frameworks\"",
				);
				GCC_DYNAMIC_NO_PIC = NO;
				GCC_ENABLE_FIX_AND_CONTINUE = NO;
				GCC_ENABLE_OBJC_EXCEPTIONS = YES;
				GCC_OPTIMIZATION_LEVEL = 0;
				GCC_PREFIX_HEADER = RoadKill_Prefix.pch;
				GCC_VERSION = "";
				INFOPLIST_FILE = "Unit Tests-Info.plist";
				OTHER_LDFLAGS = (
					"-framework",
					Foundation,
					"-framework",
					SenTestingKit,
					"-framework",
					UIKit,
				);
				PREBINDING = NO;
				PRODUCT_NAME = "Unit Tests";
				SCAN_ALL_SOURCE_FILES_FOR_INCLUDES = NO;
				WRAPPER_EXTENSION = octest;
			};
			name = Debug;
		};
		2B647226125A8ADB00ED5161 /* Release */ = {
			isa = XCBuildConfiguration;
			buildSettings = {
				ALWAYS_SEARCH_USER_PATHS = NO;
				"CODE_SIGN_IDENTITY[sdk=iphoneos*]" = "";
				COPY_PHASE_STRIP = YES;
				DEBUG_INFORMATION_FORMAT = "dwarf-with-dsym";
				FRAMEWORK_SEARCH_PATHS = (
					"\"$(SDKROOT)/Developer/Library/Frameworks\"",
					"\"$(DEVELOPER_LIBRARY_DIR)/Frameworks\"",
				);
				GCC_ENABLE_FIX_AND_CONTINUE = NO;
				GCC_ENABLE_OBJC_EXCEPTIONS = YES;
				GCC_PREFIX_HEADER = RoadKill_Prefix.pch;
				GCC_VERSION = "";
				INFOPLIST_FILE = "Unit Tests-Info.plist";
				OTHER_LDFLAGS = (
					"-framework",
					Foundation,
					"-framework",
					SenTestingKit,
					"-framework",
					UIKit,
				);
				PREBINDING = NO;
				PRODUCT_NAME = "Unit Tests";
				SCAN_ALL_SOURCE_FILES_FOR_INCLUDES = NO;
				WRAPPER_EXTENSION = octest;
				ZERO_LINK = NO;
			};
			name = Release;
		};
		C01FCF4F08A954540054247B /* Debug */ = {
			isa = XCBuildConfiguration;
			buildSettings = {
				ARCHS = "$(ARCHS_STANDARD_32_BIT)";
				"CODE_SIGN_IDENTITY[sdk=iphoneos*]" = "iPhone Developer";
				GCC_C_LANGUAGE_STANDARD = c99;
				GCC_PREPROCESSOR_DEFINITIONS = "DEBUG=1";
				GCC_VERSION = com.apple.compilers.llvm.clang.1_0;
				GCC_WARN_ABOUT_RETURN_TYPE = YES;
				GCC_WARN_UNUSED_VARIABLE = YES;
				OTHER_CFLAGS = "-D__IPHONE_OS_VERSION_MIN_REQUIRED=040100";
				PREBINDING = NO;
				RUN_CLANG_STATIC_ANALYZER = YES;
				SDKROOT = iphoneos4.1;
				VALIDATE_PRODUCT = YES;
			};
			name = Debug;
		};
		C01FCF5008A954540054247B /* Release */ = {
			isa = XCBuildConfiguration;
			buildSettings = {
				ARCHS = "$(ARCHS_STANDARD_32_BIT)";
				"CODE_SIGN_IDENTITY[sdk=iphoneos*]" = "iPhone Developer";
				GCC_C_LANGUAGE_STANDARD = c99;
				GCC_PREPROCESSOR_DEFINITIONS = "DEBUG=1";
				GCC_VERSION = com.apple.compilers.llvm.clang.1_0;
				GCC_WARN_ABOUT_RETURN_TYPE = YES;
				GCC_WARN_UNUSED_VARIABLE = YES;
				OTHER_CFLAGS = "-D__IPHONE_OS_VERSION_MIN_REQUIRED=040100";
				PREBINDING = NO;
				RUN_CLANG_STATIC_ANALYZER = YES;
				SDKROOT = iphoneos4.1;
				VALIDATE_PRODUCT = YES;
			};
			name = Release;
		};
/* End XCBuildConfiguration section */

/* Begin XCConfigurationList section */
		1D6058960D05DD3E006BFB54 /* Build configuration list for PBXNativeTarget "RoadKill" */ = {
			isa = XCConfigurationList;
			buildConfigurations = (
				1D6058940D05DD3E006BFB54 /* Debug */,
				1D6058950D05DD3E006BFB54 /* Release */,
			);
			defaultConfigurationIsVisible = 0;
			defaultConfigurationName = Release;
		};
		2B647227125A8ADB00ED5161 /* Build configuration list for PBXNativeTarget "Unit Tests" */ = {
			isa = XCConfigurationList;
			buildConfigurations = (
				2B647225125A8ADB00ED5161 /* Debug */,
				2B647226125A8ADB00ED5161 /* Release */,
			);
			defaultConfigurationIsVisible = 0;
			defaultConfigurationName = Release;
		};
		C01FCF4E08A954540054247B /* Build configuration list for PBXProject "RoadKill" */ = {
			isa = XCConfigurationList;
			buildConfigurations = (
				C01FCF4F08A954540054247B /* Debug */,
				C01FCF5008A954540054247B /* Release */,
			);
			defaultConfigurationIsVisible = 0;
			defaultConfigurationName = Release;
		};
/* End XCConfigurationList section */

/* Begin XCVersionGroup section */
		28D3F201112F7DC200FD0661 /* RoadKill.xcdatamodeld */ = {
			isa = XCVersionGroup;
			children = (
				28860B760F44E54D00985440 /* RoadKill.xcdatamodel */,
			);
			currentVersion = 28860B760F44E54D00985440 /* RoadKill.xcdatamodel */;
			name = RoadKill.xcdatamodeld;
			path = ../RoadKill.xcdatamodeld;
			sourceTree = "<group>";
			versionGroupType = wrapper.xcdatamodel;
		};
/* End XCVersionGroup section */
	};
	rootObject = 29B97313FDCFA39411CA2CEA /* Project object */;
}
